
Microsoft Visual Studio Solution File, Format Version 12.00
# Visual Studio Version 16
VisualStudioVersion = 16.0.30204.135
MinimumVisualStudioVersion = 10.0.40219.1
Project("{FAE04EC0-301F-11D3-BF4B-00C04F79EFBC}") = "EpiAlloy", "EpiAlloy\EpiAlloy.csproj", "{FB357CD3-5A51-428C-BB92-4185FAD73CF9}"
EndProject
Global
	GlobalSection(SolutionConfigurationPlatforms) = preSolution
		Debug|Any CPU = Debug|Any CPU
		Release|Any CPU = Release|Any CPU
	EndGlobalSection
	GlobalSection(ProjectConfigurationPlatforms) = postSolution
		{FB357CD3-5A51-428C-BB92-4185FAD73CF9}.Debug|Any CPU.ActiveCfg = Debug|Any CPU
		{FB357CD3-5A51-428C-BB92-4185FAD73CF9}.Debug|Any CPU.Build.0 = Debug|Any CPU
		{FB357CD3-5A51-428C-BB92-4185FAD73CF9}.Release|Any CPU.ActiveCfg = Release|Any CPU
		{FB357CD3-5A51-428C-BB92-4185FAD73CF9}.Release|Any CPU.Build.0 = Release|Any CPU
	EndGlobalSection
	GlobalSection(SolutionProperties) = preSolution
		HideSolutionNode = FALSE
	EndGlobalSection
	GlobalSection(ExtensibilityGlobals) = postSolution
		SolutionGuid = {CD53B17F-19F3-4295-9DD4-95720CD524DD}
	EndGlobalSection
EndGlobal
